
Microsoft Visual Studio Solution File, Format Version 12.00
# Visual Studio Version 17
VisualStudioVersion = 17.8.34322.80
MinimumVisualStudioVersion = 10.0.40219.1
Project("{FAE04EC0-301F-11D3-BF4B-00C04F79EFBC}") = "Calculadora", "Calculadora.csproj", "{864E0610-477E-43B7-A86E-94B0F3B2565E}"
EndProject
Global
	GlobalSection(SolutionConfigurationPlatforms) = preSolution
		Debug|Any CPU = Debug|Any CPU
		Release|Any CPU = Release|Any CPU
	EndGlobalSection
	GlobalSection(ProjectConfigurationPlatforms) = postSolution
		{864E0610-477E-43B7-A86E-94B0F3B2565E}.Debug|Any CPU.ActiveCfg = Debug|Any CPU
		{864E0610-477E-43B7-A86E-94B0F3B2565E}.Debug|Any CPU.Build.0 = Debug|Any CPU
		{864E0610-477E-43B7-A86E-94B0F3B2565E}.Release|Any CPU.ActiveCfg = Release|Any CPU
		{864E0610-477E-43B7-A86E-94B0F3B2565E}.Release|Any CPU.Build.0 = Release|Any CPU
	EndGlobalSection
	GlobalSection(SolutionProperties) = preSolution
		HideSolutionNode = FALSE
	EndGlobalSection
	GlobalSection(ExtensibilityGlobals) = postSolution
		SolutionGuid = {521DAAA7-D971-4DB8-9596-C45A3FB3F107}
	EndGlobalSection
EndGlobal
